
Microsoft Visual Studio Solution File, Format Version 12.00
# Visual Studio Version 16
VisualStudioVersion = 16.0.31515.178
MinimumVisualStudioVersion = 10.0.40219.1
Project("{FAE04EC0-301F-11D3-BF4B-00C04F79EFBC}") = "UserRegistrationUsingReflection", "UserRegistrationUsingReflection\UserRegistrationUsingReflection.csproj", "{1B9C6282-EAE0-4F85-B524-109D1CFA2071}"
EndProject
Global
	GlobalSection(SolutionConfigurationPlatforms) = preSolution
		Debug|Any CPU = Debug|Any CPU
		Release|Any CPU = Release|Any CPU
	EndGlobalSection
	GlobalSection(ProjectConfigurationPlatforms) = postSolution
		{1B9C6282-EAE0-4F85-B524-109D1CFA2071}.Debug|Any CPU.ActiveCfg = Debug|Any CPU
		{1B9C6282-EAE0-4F85-B524-109D1CFA2071}.Debug|Any CPU.Build.0 = Debug|Any CPU
		{1B9C6282-EAE0-4F85-B524-109D1CFA2071}.Release|Any CPU.ActiveCfg = Release|Any CPU
		{1B9C6282-EAE0-4F85-B524-109D1CFA2071}.Release|Any CPU.Build.0 = Release|Any CPU
	EndGlobalSection
	GlobalSection(SolutionProperties) = preSolution
		HideSolutionNode = FALSE
	EndGlobalSection
	GlobalSection(ExtensibilityGlobals) = postSolution
		SolutionGuid = {11C62E5C-992E-48E2-B784-AA95107FEEA0}
	EndGlobalSection
EndGlobal
